
Microsoft Visual Studio Solution File, Format Version 12.00
# Visual Studio Version 16
VisualStudioVersion = 16.0.31005.135
MinimumVisualStudioVersion = 10.0.40219.1
Project("{9A19103F-16F7-4668-BE54-9A1E7A4F7556}") = "PersonCatalog", "PersonCatalog\PersonCatalog.csproj", "{064E2922-55ED-4119-8A2C-74298343E7E7}"
EndProject
Project("{FAE04EC0-301F-11D3-BF4B-00C04F79EFBC}") = "PersonCatalog.Domain", "PersonCatalog.Domain\PersonCatalog.Domain.csproj", "{2C8DDA58-6A19-4862-B793-21969ABA52C7}"
EndProject
Project("{FAE04EC0-301F-11D3-BF4B-00C04F79EFBC}") = "PersonCatalog.Repository", "PersonCatalog.Repository\PersonCatalog.Repository.csproj", "{F2CFDAFD-09A0-49B3-AD62-82D89C8E5F57}"
EndProject
Global
	GlobalSection(SolutionConfigurationPlatforms) = preSolution
		Debug|Any CPU = Debug|Any CPU
		Release|Any CPU = Release|Any CPU
	EndGlobalSection
	GlobalSection(ProjectConfigurationPlatforms) = postSolution
		{064E2922-55ED-4119-8A2C-74298343E7E7}.Debug|Any CPU.ActiveCfg = Debug|Any CPU
		{064E2922-55ED-4119-8A2C-74298343E7E7}.Debug|Any CPU.Build.0 = Debug|Any CPU
		{064E2922-55ED-4119-8A2C-74298343E7E7}.Release|Any CPU.ActiveCfg = Release|Any CPU
		{064E2922-55ED-4119-8A2C-74298343E7E7}.Release|Any CPU.Build.0 = Release|Any CPU
		{2C8DDA58-6A19-4862-B793-21969ABA52C7}.Debug|Any CPU.ActiveCfg = Debug|Any CPU
		{2C8DDA58-6A19-4862-B793-21969ABA52C7}.Debug|Any CPU.Build.0 = Debug|Any CPU
		{2C8DDA58-6A19-4862-B793-21969ABA52C7}.Release|Any CPU.ActiveCfg = Release|Any CPU
		{2C8DDA58-6A19-4862-B793-21969ABA52C7}.Release|Any CPU.Build.0 = Release|Any CPU
		{F2CFDAFD-09A0-49B3-AD62-82D89C8E5F57}.Debug|Any CPU.ActiveCfg = Debug|Any CPU
		{F2CFDAFD-09A0-49B3-AD62-82D89C8E5F57}.Debug|Any CPU.Build.0 = Debug|Any CPU
		{F2CFDAFD-09A0-49B3-AD62-82D89C8E5F57}.Release|Any CPU.ActiveCfg = Release|Any CPU
		{F2CFDAFD-09A0-49B3-AD62-82D89C8E5F57}.Release|Any CPU.Build.0 = Release|Any CPU
	EndGlobalSection
	GlobalSection(SolutionProperties) = preSolution
		HideSolutionNode = FALSE
	EndGlobalSection
	GlobalSection(ExtensibilityGlobals) = postSolution
		SolutionGuid = {1F1BE74F-7B98-4716-9173-93FF390E551F}
	EndGlobalSection
EndGlobal
